{
  "name": "kanciljs-demo",
  "version": "1.0.0",
  "lockfileVersion": 3,
  "requires": true,
  "packages": {
    "": {
      "name": "kanciljs-demo",
      "version": "1.0.0",
      "license": "ISC",
      "dependencies": {
        "kanciljs": "github:pinoruswana/kanciljs"
      }
    },
    "node_modules/kanciljs": {
      "version": "0.1.0",
      "resolved": "git+ssh://git@github.com/pinoruswana/kanciljs.git#853fe1599d9af6d068fd05dd5b3ca96c72198a19",
      "license": "MIT",
      "engines": {
        "node": ">=16"
      }
    }
  }
}
